
Microsoft Visual Studio Solution File, Format Version 12.00
# Visual Studio 15
VisualStudioVersion = 15.0.26228.9
MinimumVisualStudioVersion = 10.0.40219.1
Project("{FAE04EC0-301F-11D3-BF4B-00C04F79EFBC}") = "HW1", "HW1\HW1.csproj", "{5055B3BB-437A-49F8-BCE6-5BC70F932466}"
EndProject
Project("{FAE04EC0-301F-11D3-BF4B-00C04F79EFBC}") = "Model", "ClassLibrary1\Model.csproj", "{8C8050E2-981E-4E3A-9717-7D341F513014}"
EndProject
Project("{FAE04EC0-301F-11D3-BF4B-00C04F79EFBC}") = "BuyCat", "View\BuyCat.csproj", "{A9F35D5F-77E5-4AA3-88A2-1FF37B733ED8}"
EndProject
Global
	GlobalSection(SolutionConfigurationPlatforms) = preSolution
		Debug|Any CPU = Debug|Any CPU
		Release|Any CPU = Release|Any CPU
	EndGlobalSection
	GlobalSection(ProjectConfigurationPlatforms) = postSolution
		{5055B3BB-437A-49F8-BCE6-5BC70F932466}.Debug|Any CPU.ActiveCfg = Debug|Any CPU
		{5055B3BB-437A-49F8-BCE6-5BC70F932466}.Debug|Any CPU.Build.0 = Debug|Any CPU
		{5055B3BB-437A-49F8-BCE6-5BC70F932466}.Release|Any CPU.ActiveCfg = Release|Any CPU
		{5055B3BB-437A-49F8-BCE6-5BC70F932466}.Release|Any CPU.Build.0 = Release|Any CPU
		{8C8050E2-981E-4E3A-9717-7D341F513014}.Debug|Any CPU.ActiveCfg = Debug|Any CPU
		{8C8050E2-981E-4E3A-9717-7D341F513014}.Debug|Any CPU.Build.0 = Debug|Any CPU
		{8C8050E2-981E-4E3A-9717-7D341F513014}.Release|Any CPU.ActiveCfg = Release|Any CPU
		{8C8050E2-981E-4E3A-9717-7D341F513014}.Release|Any CPU.Build.0 = Release|Any CPU
		{A9F35D5F-77E5-4AA3-88A2-1FF37B733ED8}.Debug|Any CPU.ActiveCfg = Debug|Any CPU
		{A9F35D5F-77E5-4AA3-88A2-1FF37B733ED8}.Debug|Any CPU.Build.0 = Debug|Any CPU
		{A9F35D5F-77E5-4AA3-88A2-1FF37B733ED8}.Release|Any CPU.ActiveCfg = Release|Any CPU
		{A9F35D5F-77E5-4AA3-88A2-1FF37B733ED8}.Release|Any CPU.Build.0 = Release|Any CPU
	EndGlobalSection
	GlobalSection(SolutionProperties) = preSolution
		HideSolutionNode = FALSE
	EndGlobalSection
EndGlobal
